
Microsoft Visual Studio Solution File, Format Version 12.00
# Visual Studio Version 16
VisualStudioVersion = 16.0.30320.27
MinimumVisualStudioVersion = 10.0.40219.1
Project("{FAE04EC0-301F-11D3-BF4B-00C04F79EFBC}") = "semicrolinicio", "semicrolinicio\semicrolinicio.csproj", "{2357C393-D685-4742-B694-58561801D31A}"
EndProject
Project("{FAE04EC0-301F-11D3-BF4B-00C04F79EFBC}") = "LibreriaFundanet", "LibreriaFundanet\LibreriaFundanet.csproj", "{BDC13AC4-6D0D-450A-8213-DA3536DA410B}"
EndProject
Global
	GlobalSection(SolutionConfigurationPlatforms) = preSolution
		Debug|Any CPU = Debug|Any CPU
		Release|Any CPU = Release|Any CPU
	EndGlobalSection
	GlobalSection(ProjectConfigurationPlatforms) = postSolution
		{2357C393-D685-4742-B694-58561801D31A}.Debug|Any CPU.ActiveCfg = Debug|Any CPU
		{2357C393-D685-4742-B694-58561801D31A}.Debug|Any CPU.Build.0 = Debug|Any CPU
		{2357C393-D685-4742-B694-58561801D31A}.Release|Any CPU.ActiveCfg = Release|Any CPU
		{2357C393-D685-4742-B694-58561801D31A}.Release|Any CPU.Build.0 = Release|Any CPU
		{BDC13AC4-6D0D-450A-8213-DA3536DA410B}.Debug|Any CPU.ActiveCfg = Debug|Any CPU
		{BDC13AC4-6D0D-450A-8213-DA3536DA410B}.Debug|Any CPU.Build.0 = Debug|Any CPU
		{BDC13AC4-6D0D-450A-8213-DA3536DA410B}.Release|Any CPU.ActiveCfg = Release|Any CPU
		{BDC13AC4-6D0D-450A-8213-DA3536DA410B}.Release|Any CPU.Build.0 = Release|Any CPU
	EndGlobalSection
	GlobalSection(SolutionProperties) = preSolution
		HideSolutionNode = FALSE
	EndGlobalSection
	GlobalSection(ExtensibilityGlobals) = postSolution
		SolutionGuid = {55259D34-B408-4CC3-856E-A9CBA67F2366}
	EndGlobalSection
EndGlobal
